<?xml version="1.0" encoding="utf-8"?>
<Project ToolsVersion="4.0" xmlns="http://schemas.microsoft.com/developer/msbuild/2003">
  <ItemGroup>
    <ClCompile Include="Implicit Parallelism\Linkage.cpp" />
    <ClCompile Include="Main.cpp" />
    <ClCompile Include="Implicit Parallelism\Predication.cpp" />
    <ClCompile Include="Handmade Context Switch\stack_context.cpp" />
    <ClCompile Include="OS Fundamentals\Thread.cpp" />
    <ClCompile Include="Thread Synchronization Primitives\ThreadSyncPrimi.cpp" />
    <ClCompile Include="Thread Synchronization Primitives\Producer_Consumers_Semaphores.cpp" />
    <ClCompile Include="Thread Synchronization Primitives\ResourcePool\ResourcePool.cpp" />
    <ClCompile Include="Thread Synchronization Primitives\ResourcePool\ResourcePool_Semaphores.cpp" />
    <ClCompile Include="Thread Synchronization Primitives\HandmadeSemaphore\HandmadeSemaphore.cpp" />
    <ClCompile Include="Thread Synchronization Primitives\Dining_Philosophers\DP_Global_Order\DP_Global_Order.cpp" />
    <ClCompile Include="Thread Synchronization Primitives\Dining_Philosophers\DP_Central_Arbiter\CentralArbiter.cpp" />
    <ClCompile Include="Thread Synchronization Primitives\Dining_Philosophers\DP_Central_Arbiter\DP_CentralArbiter.cpp" />
    <ClCompile Include="Thread Synchronization Primitives\Dining_Philosophers\DP_NMinus1_Philo\DP_NMinus1_Philo.cpp" />
  </ItemGroup>
  <ItemGroup>
    <ClInclude Include="Implicit Parallelism\Linkage.h" />
    <ClInclude Include="Handmade Context Switch\stack_context.h" />
    <ClInclude Include="Thread Synchronization Primitives\ResourcePool\ResourcePool.h" />
    <ClInclude Include="Thread Synchronization Primitives\HandmadeSemaphore\HandmadeSemaphore.h" />
    <ClInclude Include="Thread Synchronization Primitives\Dining_Philosophers\DP_Common.h" />
    <ClInclude Include="Thread Synchronization Primitives\Dining_Philosophers\DP_Central_Arbiter\CentralArbiter.h" />
  </ItemGroup>
  <ItemGroup>
    <MASM Include="Handmade Context Switch\context_switch.asm" />
  </ItemGroup>
</Project>